
Microsoft Visual Studio Solution File, Format Version 12.00
# Visual Studio Version 17
VisualStudioVersion = 17.4.33213.308
MinimumVisualStudioVersion = 10.0.40219.1
Project("{FAE04EC0-301F-11D3-BF4B-00C04F79EFBC}") = "ZooIS.Server", "ZooIS\Server\ZooIS.Server.csproj", "{32158CC2-8503-4676-8C38-BA20BA73B427}"
EndProject
Project("{FAE04EC0-301F-11D3-BF4B-00C04F79EFBC}") = "ZooIS.Client", "ZooIS\Client\ZooIS.Client.csproj", "{46373483-1381-4FC6-A739-0DC6DD587DC7}"
EndProject
Project("{FAE04EC0-301F-11D3-BF4B-00C04F79EFBC}") = "ZooIS.Shared", "ZooIS\Shared\ZooIS.Shared.csproj", "{2F3E104B-7AC4-48E7-9733-AA3596590BE0}"
EndProject
Global
	GlobalSection(SolutionConfigurationPlatforms) = preSolution
		Debug|Any CPU = Debug|Any CPU
		Release|Any CPU = Release|Any CPU
	EndGlobalSection
	GlobalSection(ProjectConfigurationPlatforms) = postSolution
		{32158CC2-8503-4676-8C38-BA20BA73B427}.Debug|Any CPU.ActiveCfg = Debug|Any CPU
		{32158CC2-8503-4676-8C38-BA20BA73B427}.Debug|Any CPU.Build.0 = Debug|Any CPU
		{32158CC2-8503-4676-8C38-BA20BA73B427}.Release|Any CPU.ActiveCfg = Release|Any CPU
		{32158CC2-8503-4676-8C38-BA20BA73B427}.Release|Any CPU.Build.0 = Release|Any CPU
		{46373483-1381-4FC6-A739-0DC6DD587DC7}.Debug|Any CPU.ActiveCfg = Debug|Any CPU
		{46373483-1381-4FC6-A739-0DC6DD587DC7}.Debug|Any CPU.Build.0 = Debug|Any CPU
		{46373483-1381-4FC6-A739-0DC6DD587DC7}.Release|Any CPU.ActiveCfg = Release|Any CPU
		{46373483-1381-4FC6-A739-0DC6DD587DC7}.Release|Any CPU.Build.0 = Release|Any CPU
		{2F3E104B-7AC4-48E7-9733-AA3596590BE0}.Debug|Any CPU.ActiveCfg = Debug|Any CPU
		{2F3E104B-7AC4-48E7-9733-AA3596590BE0}.Debug|Any CPU.Build.0 = Debug|Any CPU
		{2F3E104B-7AC4-48E7-9733-AA3596590BE0}.Release|Any CPU.ActiveCfg = Release|Any CPU
		{2F3E104B-7AC4-48E7-9733-AA3596590BE0}.Release|Any CPU.Build.0 = Release|Any CPU
	EndGlobalSection
	GlobalSection(SolutionProperties) = preSolution
		HideSolutionNode = FALSE
	EndGlobalSection
	GlobalSection(ExtensibilityGlobals) = postSolution
		SolutionGuid = {360C20F2-4941-4302-B3F3-D008609D18F5}
	EndGlobalSection
EndGlobal
